
Microsoft Visual Studio Solution File, Format Version 12.00
# Visual Studio Version 17
VisualStudioVersion = 17.0.31903.59
MinimumVisualStudioVersion = 10.0.40219.1
Project("{2150E333-8FDC-42A3-9474-1A3956D46DE8}") = "src", "src", "{6D394082-CF74-4690-9C6D-7CACF7E04D90}"
EndProject
Project("{FAE04EC0-301F-11D3-BF4B-00C04F79EFBC}") = "OpenFTTH.UserEditHistory", "src\OpenFTTH.UserEditHistory\OpenFTTH.UserEditHistory.csproj", "{7BAF499C-9231-47FA-8A46-AB9820CAD8BE}"
EndProject
Global
	GlobalSection(SolutionConfigurationPlatforms) = preSolution
		Debug|Any CPU = Debug|Any CPU
		Release|Any CPU = Release|Any CPU
	EndGlobalSection
	GlobalSection(SolutionProperties) = preSolution
		HideSolutionNode = FALSE
	EndGlobalSection
	GlobalSection(ProjectConfigurationPlatforms) = postSolution
		{7BAF499C-9231-47FA-8A46-AB9820CAD8BE}.Debug|Any CPU.ActiveCfg = Debug|Any CPU
		{7BAF499C-9231-47FA-8A46-AB9820CAD8BE}.Debug|Any CPU.Build.0 = Debug|Any CPU
		{7BAF499C-9231-47FA-8A46-AB9820CAD8BE}.Release|Any CPU.ActiveCfg = Release|Any CPU
		{7BAF499C-9231-47FA-8A46-AB9820CAD8BE}.Release|Any CPU.Build.0 = Release|Any CPU
	EndGlobalSection
	GlobalSection(NestedProjects) = preSolution
		{7BAF499C-9231-47FA-8A46-AB9820CAD8BE} = {6D394082-CF74-4690-9C6D-7CACF7E04D90}
	EndGlobalSection
EndGlobal
